
Microsoft Visual Studio Solution File, Format Version 12.00
# Visual Studio Version 16
VisualStudioVersion = 16.0.31321.278
MinimumVisualStudioVersion = 10.0.40219.1
Project("{FAE04EC0-301F-11D3-BF4B-00C04F79EFBC}") = "MatrixRainEffect", "MatrixRainEffect.csproj", "{2694792A-4B32-4478-949A-61A6A5A94888}"
EndProject
Global
	GlobalSection(SolutionConfigurationPlatforms) = preSolution
		Debug|Any CPU = Debug|Any CPU
		Release|Any CPU = Release|Any CPU
	EndGlobalSection
	GlobalSection(ProjectConfigurationPlatforms) = postSolution
		{2694792A-4B32-4478-949A-61A6A5A94888}.Debug|Any CPU.ActiveCfg = Debug|Any CPU
		{2694792A-4B32-4478-949A-61A6A5A94888}.Debug|Any CPU.Build.0 = Debug|Any CPU
		{2694792A-4B32-4478-949A-61A6A5A94888}.Release|Any CPU.ActiveCfg = Release|Any CPU
		{2694792A-4B32-4478-949A-61A6A5A94888}.Release|Any CPU.Build.0 = Release|Any CPU
	EndGlobalSection
	GlobalSection(SolutionProperties) = preSolution
		HideSolutionNode = FALSE
	EndGlobalSection
	GlobalSection(ExtensibilityGlobals) = postSolution
		SolutionGuid = {9BAFCD59-BF6B-45BF-A0A9-1593AE67FDF4}
	EndGlobalSection
EndGlobal
